{
  "name": "@tervis/tervisadobescene7js",
  "version": "0.1.95",
  "lockfileVersion": 1,
  "requires": true,
  "dependencies": {
    "@tervis/adobescene7js": {
      "version": "0.1.8",
      "resolved": "https://registry.npmjs.org/@tervis/adobescene7js/-/adobescene7js-0.1.8.tgz",
      "integrity": "sha512-52toAThaoy0g7q/iB4Gw3kIdVHy0TjKDO1o6N8NCEKFE6eu5S16PKLJ+5SvbnFUaA1RdKgNaFmEVUSJRcUX7sQ=="
    },
    "@tervis/tervisproductmetadata": {
      "version": "1.0.46",
      "resolved": "https://registry.npmjs.org/@tervis/tervisproductmetadata/-/tervisproductmetadata-1.0.46.tgz",
      "integrity": "sha512-TwYVk1kyvvSQZNh752s4AbaB4laz6b6qXkQl8zyhSMsF/fVbnLZUYoqTRaHXeuBI3TTmowtmBKmf7WNjNJTxSw==",
      "requires": {
        "@tervis/tervisutilityjs": "^0.1.12",
        "node-fetch": "^2.6.0"
      }
    },
    "@tervis/tervisutilityjs": {
      "version": "0.1.12",
      "resolved": "https://registry.npmjs.org/@tervis/tervisutilityjs/-/tervisutilityjs-0.1.12.tgz",
      "integrity": "sha512-GmKQiy9+nfUaxJ0RmKz+1ihzKiD/e2RDoKliUlpVaIDNW4v/K/FHn3Av7WjEBc44RwNoXgmxL6cT5Rc+y58j8A=="
    },
    "node-fetch": {
      "version": "2.6.1",
      "resolved": "https://registry.npmjs.org/node-fetch/-/node-fetch-2.6.1.tgz",
      "integrity": "sha512-V4aYg89jEoVRxRb2fJdAg8FHvI7cEyYdVAh94HH0UIK8oJxUfkjlDQN9RbMx+bEjP7+ggMiFRprSti032Oipxw=="
    }
  }
}
